
Microsoft Visual Studio Solution File, Format Version 12.00
# Visual Studio Version 16
VisualStudioVersion = 16.0.33214.272
MinimumVisualStudioVersion = 10.0.40219.1
Project("{FAE04EC0-301F-11D3-BF4B-00C04F79EFBC}") = "BuscaCep", "BuscaCep\BuscaCep.csproj", "{28B51D56-91D9-4E4C-8D11-53B6D71345B3}"
EndProject
Global
	GlobalSection(SolutionConfigurationPlatforms) = preSolution
		Debug|Any CPU = Debug|Any CPU
		Release|Any CPU = Release|Any CPU
	EndGlobalSection
	GlobalSection(ProjectConfigurationPlatforms) = postSolution
		{28B51D56-91D9-4E4C-8D11-53B6D71345B3}.Debug|Any CPU.ActiveCfg = Debug|Any CPU
		{28B51D56-91D9-4E4C-8D11-53B6D71345B3}.Debug|Any CPU.Build.0 = Debug|Any CPU
		{28B51D56-91D9-4E4C-8D11-53B6D71345B3}.Release|Any CPU.ActiveCfg = Release|Any CPU
		{28B51D56-91D9-4E4C-8D11-53B6D71345B3}.Release|Any CPU.Build.0 = Release|Any CPU
	EndGlobalSection
	GlobalSection(SolutionProperties) = preSolution
		HideSolutionNode = FALSE
	EndGlobalSection
	GlobalSection(ExtensibilityGlobals) = postSolution
		SolutionGuid = {42C0A2A2-5314-4AE6-A52F-839B1582DC25}
	EndGlobalSection
EndGlobal
